
Microsoft Visual Studio Solution File, Format Version 12.00
# Visual Studio 15
VisualStudioVersion = 15.0.26730.3
MinimumVisualStudioVersion = 10.0.40219.1
Project("{FAE04EC0-301F-11D3-BF4B-00C04F79EFBC}") = "CS-SimpleCalculator", "CS-SimpleCalculator\CS-SimpleCalculator.csproj", "{F7FBA9CA-C2A3-46C4-A53B-71AAA455215D}"
EndProject
Global
	GlobalSection(SolutionConfigurationPlatforms) = preSolution
		Debug|Any CPU = Debug|Any CPU
		Release|Any CPU = Release|Any CPU
	EndGlobalSection
	GlobalSection(ProjectConfigurationPlatforms) = postSolution
		{F7FBA9CA-C2A3-46C4-A53B-71AAA455215D}.Debug|Any CPU.ActiveCfg = Debug|Any CPU
		{F7FBA9CA-C2A3-46C4-A53B-71AAA455215D}.Debug|Any CPU.Build.0 = Debug|Any CPU
		{F7FBA9CA-C2A3-46C4-A53B-71AAA455215D}.Release|Any CPU.ActiveCfg = Release|Any CPU
		{F7FBA9CA-C2A3-46C4-A53B-71AAA455215D}.Release|Any CPU.Build.0 = Release|Any CPU
	EndGlobalSection
	GlobalSection(SolutionProperties) = preSolution
		HideSolutionNode = FALSE
	EndGlobalSection
	GlobalSection(ExtensibilityGlobals) = postSolution
		SolutionGuid = {D774A50F-B73C-4BD4-AC7C-7F4A8302812C}
	EndGlobalSection
EndGlobal
